<?xml version="1.0" encoding="utf-8"?>
<Project ToolsVersion="4.0" xmlns="http://schemas.microsoft.com/developer/msbuild/2003">
  <ItemGroup>
    <Filter Include="Source Files">
      <UniqueIdentifier>{4FC737F1-C7A5-4376-A066-2A32D752A2FF}</UniqueIdentifier>
      <Extensions>cpp;c;cc;cxx;def;odl;idl;hpj;bat;asm;asmx</Extensions>
    </Filter>
    <Filter Include="Header Files">
      <UniqueIdentifier>{93995380-89BD-4b04-88EB-625FBE52EBFB}</UniqueIdentifier>
      <Extensions>h;hh;hpp;hxx;hm;inl;inc;xsd</Extensions>
    </Filter>
    <Filter Include="Resource Files">
      <UniqueIdentifier>{67DA6AB6-F800-4c08-8B7A-83BB121AAD01}</UniqueIdentifier>
      <Extensions>rc;ico;cur;bmp;dlg;rc2;rct;bin;rgs;gif;jpg;jpeg;jpe;resx;tiff;tif;png;wav;mfcribbon-ms</Extensions>
    </Filter>
    <Filter Include="Game Objects Related">
      <UniqueIdentifier>{107b2cb6-1727-437e-a182-454c26bc9a0a}</UniqueIdentifier>
    </Filter>
    <Filter Include="Lights Related">
      <UniqueIdentifier>{d039a8a7-3ae9-4b99-a468-4aec45e4acb2}</UniqueIdentifier>
    </Filter>
    <Filter Include="Shaders Related">
      <UniqueIdentifier>{a1fee944-3c3d-4df8-bfff-2ccd2f4f4c2c}</UniqueIdentifier>
    </Filter>
    <Filter Include="Cameras Related">
      <UniqueIdentifier>{cd261ee4-23fa-4660-baf9-936995cb26fa}</UniqueIdentifier>
    </Filter>
    <Filter Include="Vertex, Model and Physics Related">
      <UniqueIdentifier>{3fbde992-b2e7-4511-8144-4f4387a51e61}</UniqueIdentifier>
    </Filter>
    <Filter Include="Global">
      <UniqueIdentifier>{6e8dca10-27a4-4969-be67-77a00fa413c7}</UniqueIdentifier>
    </Filter>
    <Filter Include="AABB">
      <UniqueIdentifier>{07d5c8e3-55ab-44b0-aa75-11ec89319140}</UniqueIdentifier>
    </Filter>
    <Filter Include="Textures Related">
      <UniqueIdentifier>{f5d50ab1-6e60-49f3-9cbb-c28d59b1e649}</UniqueIdentifier>
    </Filter>
    <Filter Include="AI">
      <UniqueIdentifier>{a88ec110-43fe-447a-8333-7e018c8bd928}</UniqueIdentifier>
    </Filter>
    <Filter Include="Sounds Related">
      <UniqueIdentifier>{96237b34-24a7-4a2f-8b1e-131adae2a78a}</UniqueIdentifier>
    </Filter>
    <Filter Include="Localization and Text">
      <UniqueIdentifier>{85d9b6fd-b80c-42f0-8bd1-f5431f1e9fbb}</UniqueIdentifier>
    </Filter>
    <Filter Include="Error">
      <UniqueIdentifier>{8708b02f-f7bf-434b-8f41-e608f68b2798}</UniqueIdentifier>
    </Filter>
    <Filter Include="Assimp and Animation">
      <UniqueIdentifier>{ab3b5775-1310-42b5-9b84-ad465c42d265}</UniqueIdentifier>
    </Filter>
    <Filter Include="Render Related">
      <UniqueIdentifier>{0e3c1c14-157f-486d-977e-0c91a61341c2}</UniqueIdentifier>
    </Filter>
    <Filter Include="FrameBuffer">
      <UniqueIdentifier>{705df7d7-70ee-438f-9867-c6d1696ffc5a}</UniqueIdentifier>
    </Filter>
    <Filter Include="Environment">
      <UniqueIdentifier>{623d5fd1-c12f-4db6-be16-c6cd5e4007d6}</UniqueIdentifier>
    </Filter>
  </ItemGroup>
  <ItemGroup>
    <None Include="assets\shaders\newFrag.glsl">
      <Filter>Shaders Related</Filter>
    </None>
    <None Include="assets\shaders\newVert.glsl">
      <Filter>Shaders Related</Filter>
    </None>
    <None Include="assets\shaders\debugFrag.glsl">
      <Filter>Shaders Related</Filter>
    </None>
    <None Include="assets\shaders\debugGeom.glsl">
      <Filter>Shaders Related</Filter>
    </None>
    <None Include="assets\shaders\debugVert.glsl">
      <Filter>Shaders Related</Filter>
    </None>
  </ItemGroup>
  <ItemGroup>
    <ClCompile Include="src\glad.c">
      <Filter>Source Files</Filter>
    </ClCompile>
    <ClCompile Include="src\GE101_Main.cpp">
      <Filter>Source Files</Filter>
    </ClCompile>
    <ClCompile Include="src\Utilities.cpp">
      <Filter>Source Files</Filter>
    </ClCompile>
    <ClCompile Include="src\cGameObject.cpp">
      <Filter>Game Objects Related</Filter>
    </ClCompile>
    <ClCompile Include="src\cLightManager.cpp">
      <Filter>Lights Related</Filter>
    </ClCompile>
    <ClCompile Include="src\cShader.cpp">
      <Filter>Shaders Related</Filter>
    </ClCompile>
    <ClCompile Include="src\cShaderManager.cpp">
      <Filter>Shaders Related</Filter>
    </ClCompile>
    <ClCompile Include="src\cMesh.cpp">
      <Filter>Vertex, Model and Physics Related</Filter>
    </ClCompile>
    <ClCompile Include="src\cTriangle.cpp">
      <Filter>Vertex, Model and Physics Related</Filter>
    </ClCompile>
    <ClCompile Include="src\cVAOMeshManager.cpp">
      <Filter>Vertex, Model and Physics Related</Filter>
    </ClCompile>
    <ClCompile Include="src\cCameraObject.cpp">
      <Filter>Cameras Related</Filter>
    </ClCompile>
    <ClCompile Include="src\ModelUtilities.cpp">
      <Filter>Vertex, Model and Physics Related</Filter>
    </ClCompile>
    <ClCompile Include="src\cModelAssetLoader.cpp">
      <Filter>Vertex, Model and Physics Related</Filter>
    </ClCompile>
    <ClCompile Include="src\GLFW_keyboardCallback.cpp">
      <Filter>Global</Filter>
    </ClCompile>
    <ClCompile Include="src\cDebugRenderer.cpp">
      <Filter>Render Related</Filter>
    </ClCompile>
    <ClCompile Include="src\generalGLStuff.cpp">
      <Filter>Global</Filter>
    </ClCompile>
    <ClCompile Include="src\cAABBsManager.cpp">
      <Filter>AABB</Filter>
    </ClCompile>
    <ClCompile Include="src\cAABB.cpp">
      <Filter>AABB</Filter>
    </ClCompile>
    <ClCompile Include="src\sAABB_Triangle.cpp">
      <Filter>AABB</Filter>
    </ClCompile>
    <ClCompile Include="src\cSimpleDebugRenderer.cpp">
      <Filter>Render Related</Filter>
    </ClCompile>
    <ClCompile Include="src\cTransparencyManager.cpp">
      <Filter>Game Objects Related</Filter>
    </ClCompile>
    <ClCompile Include="src\cSceneLoader.cpp">
      <Filter>Source Files</Filter>
    </ClCompile>
    <ClCompile Include="src\sCollisionTriangle.cpp">
      <Filter>Game Objects Related</Filter>
    </ClCompile>
    <ClCompile Include="src\opttritri.cpp">
      <Filter>Vertex, Model and Physics Related</Filter>
    </ClCompile>
    <ClCompile Include="src\cSoundManager.cpp">
      <Filter>Sounds Related</Filter>
    </ClCompile>
    <ClCompile Include="src\cSoundManager_Imp.cpp">
      <Filter>Sounds Related</Filter>
    </ClCompile>
    <ClCompile Include="src\cSoundObject.cpp">
      <Filter>Sounds Related</Filter>
    </ClCompile>
    <ClCompile Include="src\AI\cSimpleAi_Manager.cpp">
      <Filter>AI</Filter>
    </ClCompile>
    <ClCompile Include="src\cLocalization.cpp">
      <Filter>Localization and Text</Filter>
    </ClCompile>
    <ClCompile Include="src\pugixml.cpp">
      <Filter>Source Files</Filter>
    </ClCompile>
    <ClCompile Include="src\cTextManager.cpp">
      <Filter>Localization and Text</Filter>
    </ClCompile>
    <ClCompile Include="src\Error\CErrorLog.cpp">
      <Filter>Error</Filter>
    </ClCompile>
    <ClCompile Include="src\Error\COpenGLError.cpp">
      <Filter>Error</Filter>
    </ClCompile>
    <ClCompile Include="src\Texture\C24BitBMPpixel.cpp">
      <Filter>Textures Related</Filter>
    </ClCompile>
    <ClCompile Include="src\Texture\CTextureFromBMP.cpp">
      <Filter>Textures Related</Filter>
    </ClCompile>
    <ClCompile Include="src\Texture\CTextureManager.cpp">
      <Filter>Textures Related</Filter>
    </ClCompile>
    <ClCompile Include="src\Texture\TextureLoader.cpp">
      <Filter>Textures Related</Filter>
    </ClCompile>
    <ClCompile Include="src\cDebugRenderer_BuiltInShapes.cpp">
      <Filter>Render Related</Filter>
    </ClCompile>
    <ClCompile Include="src\Assimp\cAssimpAssetLoader.cpp">
      <Filter>Assimp and Animation</Filter>
    </ClCompile>
    <ClCompile Include="src\Assimp\animHelper.cpp">
      <Filter>Assimp and Animation</Filter>
    </ClCompile>
    <ClCompile Include="src\Assimp\cAnimationCollection.cpp">
      <Filter>Assimp and Animation</Filter>
    </ClCompile>
    <ClCompile Include="src\Assimp\cAnimationState.cpp">
      <Filter>Assimp and Animation</Filter>
    </ClCompile>
    <ClCompile Include="src\Assimp\cSkinnedMesh.cpp">
      <Filter>Assimp and Animation</Filter>
    </ClCompile>
    <ClCompile Include="src\cUniLocHandler.cpp">
      <Filter>Render Related</Filter>
    </ClCompile>
    <ClCompile Include="src\DrawCalls.cpp">
      <Filter>Render Related</Filter>
    </ClCompile>
    <ClCompile Include="src\AI\cNPCManager.cpp">
      <Filter>AI</Filter>
    </ClCompile>
    <ClCompile Include="src\AI\cCharacterControl.cpp">
      <Filter>AI</Filter>
    </ClCompile>
    <ClCompile Include="src\AI\cCharacterManager.cpp">
      <Filter>AI</Filter>
    </ClCompile>
    <ClCompile Include="src\cFBO.cpp">
      <Filter>FrameBuffer</Filter>
    </ClCompile>
    <ClCompile Include="src\cCameraManger.cpp">
      <Filter>Cameras Related</Filter>
    </ClCompile>
    <ClCompile Include="src\cCamera.cpp">
      <Filter>Cameras Related</Filter>
    </ClCompile>
    <ClCompile Include="src\GLFW_callbacks.cpp">
      <Filter>Global</Filter>
    </ClCompile>
    <ClCompile Include="src\stb_image.cpp">
      <Filter>Textures Related</Filter>
    </ClCompile>
    <ClCompile Include="src\cEnvironment.cpp">
      <Filter>Environment</Filter>
    </ClCompile>
    <ClCompile Include="src\cFBO_Shadow.cpp">
      <Filter>FrameBuffer</Filter>
    </ClCompile>
  </ItemGroup>
  <ItemGroup>
    <ClInclude Include="src\Utilities.h">
      <Filter>Header Files</Filter>
    </ClInclude>
    <ClInclude Include="src\cLightManager.h">
      <Filter>Lights Related</Filter>
    </ClInclude>
    <ClInclude Include="src\cShaderManager.h">
      <Filter>Shaders Related</Filter>
    </ClInclude>
    <ClInclude Include="src\cGameObject.h">
      <Filter>Game Objects Related</Filter>
    </ClInclude>
    <ClInclude Include="src\sVAOInfo.h">
      <Filter>Vertex, Model and Physics Related</Filter>
    </ClInclude>
    <ClInclude Include="src\cVAOMeshManager.h">
      <Filter>Vertex, Model and Physics Related</Filter>
    </ClInclude>
    <ClInclude Include="src\cTriangle.h">
      <Filter>Vertex, Model and Physics Related</Filter>
    </ClInclude>
    <ClInclude Include="src\cMesh.h">
      <Filter>Vertex, Model and Physics Related</Filter>
    </ClInclude>
    <ClInclude Include="src\cCameraObject.h">
      <Filter>Cameras Related</Filter>
    </ClInclude>
    <ClInclude Include="src\sVertex.h">
      <Filter>Vertex, Model and Physics Related</Filter>
    </ClInclude>
    <ClInclude Include="src\ModelUtilities.h">
      <Filter>Vertex, Model and Physics Related</Filter>
    </ClInclude>
    <ClInclude Include="src\cModelAssetLoader.h">
      <Filter>Vertex, Model and Physics Related</Filter>
    </ClInclude>
    <ClInclude Include="src\globalGameStuff.h">
      <Filter>Global</Filter>
    </ClInclude>
    <ClInclude Include="src\globalOpenGL_GLFW.h">
      <Filter>Global</Filter>
    </ClInclude>
    <ClInclude Include="src\cDebugRenderer.h">
      <Filter>Render Related</Filter>
    </ClInclude>
    <ClInclude Include="src\cAABBsManager.h">
      <Filter>AABB</Filter>
    </ClInclude>
    <ClInclude Include="src\sAABB_Triangle.h">
      <Filter>AABB</Filter>
    </ClInclude>
    <ClInclude Include="src\cAABB.h">
      <Filter>AABB</Filter>
    </ClInclude>
    <ClInclude Include="src\cSimpleDebugRenderer.h">
      <Filter>Render Related</Filter>
    </ClInclude>
    <ClInclude Include="src\cTransparencyManager.h">
      <Filter>Game Objects Related</Filter>
    </ClInclude>
    <ClInclude Include="src\cSceneLoader.h">
      <Filter>Header Files</Filter>
    </ClInclude>
    <ClInclude Include="src\sCollisionTriangle.h">
      <Filter>Game Objects Related</Filter>
    </ClInclude>
    <ClInclude Include="src\OptTriTri.h">
      <Filter>Vertex, Model and Physics Related</Filter>
    </ClInclude>
    <ClInclude Include="src\cSoundManager.h">
      <Filter>Sounds Related</Filter>
    </ClInclude>
    <ClInclude Include="src\cSoundManager_Imp.h">
      <Filter>Sounds Related</Filter>
    </ClInclude>
    <ClInclude Include="src\cSoundObject.h">
      <Filter>Sounds Related</Filter>
    </ClInclude>
    <ClInclude Include="src\AI\cSimpleAi_Manager.h">
      <Filter>AI</Filter>
    </ClInclude>
    <ClInclude Include="src\cLocalization.h">
      <Filter>Localization and Text</Filter>
    </ClInclude>
    <ClInclude Include="src\cTextManager.h">
      <Filter>Localization and Text</Filter>
    </ClInclude>
    <ClInclude Include="src\iDebugRenderer.h">
      <Filter>Render Related</Filter>
    </ClInclude>
    <ClInclude Include="src\Error\CErrorLog.h">
      <Filter>Error</Filter>
    </ClInclude>
    <ClInclude Include="src\Error\COpenGLError.h">
      <Filter>Error</Filter>
    </ClInclude>
    <ClInclude Include="src\Texture\C24BitBMPpixel.h">
      <Filter>Textures Related</Filter>
    </ClInclude>
    <ClInclude Include="src\Texture\CTextureFromBMP.h">
      <Filter>Textures Related</Filter>
    </ClInclude>
    <ClInclude Include="src\Texture\CTextureManager.h">
      <Filter>Textures Related</Filter>
    </ClInclude>
    <ClInclude Include="src\Texture\CTexUnitInfoBrief.h">
      <Filter>Textures Related</Filter>
    </ClInclude>
    <ClInclude Include="src\Texture\TextureLoader.h">
      <Filter>Textures Related</Filter>
    </ClInclude>
    <ClInclude Include="src\Assimp\cAssimpAssetLoader.h">
      <Filter>Assimp and Animation</Filter>
    </ClInclude>
    <ClInclude Include="src\Assimp\animHelper.h">
      <Filter>Assimp and Animation</Filter>
    </ClInclude>
    <ClInclude Include="src\Assimp\cAnimationCollection.h">
      <Filter>Assimp and Animation</Filter>
    </ClInclude>
    <ClInclude Include="src\Assimp\cAnimationState.h">
      <Filter>Assimp and Animation</Filter>
    </ClInclude>
    <ClInclude Include="src\Assimp\cSkinnedMesh.h">
      <Filter>Assimp and Animation</Filter>
    </ClInclude>
    <ClInclude Include="src\cUniLocHandler.h">
      <Filter>Render Related</Filter>
    </ClInclude>
    <ClInclude Include="src\DrawCalls.h">
      <Filter>Render Related</Filter>
    </ClInclude>
    <ClInclude Include="src\Assimp\sAnimations.h">
      <Filter>Assimp and Animation</Filter>
    </ClInclude>
    <ClInclude Include="src\AI\cNPCManager.h">
      <Filter>AI</Filter>
    </ClInclude>
    <ClInclude Include="src\AI\cCharacterControl.h">
      <Filter>AI</Filter>
    </ClInclude>
    <ClInclude Include="src\AI\cCharacterManager.h">
      <Filter>AI</Filter>
    </ClInclude>
    <ClInclude Include="src\cFBO.h">
      <Filter>FrameBuffer</Filter>
    </ClInclude>
    <ClInclude Include="src\cCameraManger.h">
      <Filter>Cameras Related</Filter>
    </ClInclude>
    <ClInclude Include="src\sThreadInfo.h">
      <Filter>Header Files</Filter>
    </ClInclude>
    <ClInclude Include="src\cCamera.h">
      <Filter>Cameras Related</Filter>
    </ClInclude>
    <ClInclude Include="src\GLFW_callbacks.h">
      <Filter>Global</Filter>
    </ClInclude>
    <ClInclude Include="src\stb_image.h">
      <Filter>Textures Related</Filter>
    </ClInclude>
    <ClInclude Include="src\cEnvironment.h">
      <Filter>Environment</Filter>
    </ClInclude>
    <ClInclude Include="src\cFBO_Shadow.h">
      <Filter>FrameBuffer</Filter>
    </ClInclude>
  </ItemGroup>
</Project>